
Microsoft Visual Studio Solution File, Format Version 12.00
# Visual Studio Version 16
VisualStudioVersion = 16.0.32929.386
MinimumVisualStudioVersion = 10.0.40219.1
Project("{FAE04EC0-301F-11D3-BF4B-00C04F79EFBC}") = "CRUD_With_Trigger", "CRUD_With_Trigger\CRUD_With_Trigger.csproj", "{D929E959-0DB3-4AF2-97C2-CC67B1FA248A}"
EndProject
Global
	GlobalSection(SolutionConfigurationPlatforms) = preSolution
		Debug|Any CPU = Debug|Any CPU
		Release|Any CPU = Release|Any CPU
	EndGlobalSection
	GlobalSection(ProjectConfigurationPlatforms) = postSolution
		{D929E959-0DB3-4AF2-97C2-CC67B1FA248A}.Debug|Any CPU.ActiveCfg = Debug|Any CPU
		{D929E959-0DB3-4AF2-97C2-CC67B1FA248A}.Debug|Any CPU.Build.0 = Debug|Any CPU
		{D929E959-0DB3-4AF2-97C2-CC67B1FA248A}.Release|Any CPU.ActiveCfg = Release|Any CPU
		{D929E959-0DB3-4AF2-97C2-CC67B1FA248A}.Release|Any CPU.Build.0 = Release|Any CPU
	EndGlobalSection
	GlobalSection(SolutionProperties) = preSolution
		HideSolutionNode = FALSE
	EndGlobalSection
	GlobalSection(ExtensibilityGlobals) = postSolution
		SolutionGuid = {B0FBC829-8307-4FB7-99B9-0B770EBAE320}
	EndGlobalSection
EndGlobal
